
Microsoft Visual Studio Solution File, Format Version 12.00
# Visual Studio Version 17
VisualStudioVersion = 17.13.35723.152 d17.13
MinimumVisualStudioVersion = 10.0.40219.1
Project("{FAE04EC0-301F-11D3-BF4B-00C04F79EFBC}") = "Multiuser_Client", "Multiuser_Client\Multiuser_Client.csproj", "{4F8CD0D6-4EA3-4EE6-88FF-D1EEA3171E60}"
EndProject
Global
	GlobalSection(SolutionConfigurationPlatforms) = preSolution
		Debug|Any CPU = Debug|Any CPU
		Release|Any CPU = Release|Any CPU
	EndGlobalSection
	GlobalSection(ProjectConfigurationPlatforms) = postSolution
		{4F8CD0D6-4EA3-4EE6-88FF-D1EEA3171E60}.Debug|Any CPU.ActiveCfg = Debug|Any CPU
		{4F8CD0D6-4EA3-4EE6-88FF-D1EEA3171E60}.Debug|Any CPU.Build.0 = Debug|Any CPU
		{4F8CD0D6-4EA3-4EE6-88FF-D1EEA3171E60}.Release|Any CPU.ActiveCfg = Release|Any CPU
		{4F8CD0D6-4EA3-4EE6-88FF-D1EEA3171E60}.Release|Any CPU.Build.0 = Release|Any CPU
	EndGlobalSection
	GlobalSection(SolutionProperties) = preSolution
		HideSolutionNode = FALSE
	EndGlobalSection
	GlobalSection(ExtensibilityGlobals) = postSolution
		SolutionGuid = {CE72B351-E0AE-4165-A9AA-780D25B7C186}
	EndGlobalSection
EndGlobal
