
Microsoft Visual Studio Solution File, Format Version 12.00
# Visual Studio Version 17
VisualStudioVersion = 17.13.35723.152 d17.13
MinimumVisualStudioVersion = 10.0.40219.1
Project("{FAE04EC0-301F-11D3-BF4B-00C04F79EFBC}") = "Multisuse_Server", "Multisuse_Server\Multisuse_Server.csproj", "{89B900B1-52A0-4124-B59F-141C60DE6669}"
EndProject
Global
	GlobalSection(SolutionConfigurationPlatforms) = preSolution
		Debug|Any CPU = Debug|Any CPU
		Release|Any CPU = Release|Any CPU
	EndGlobalSection
	GlobalSection(ProjectConfigurationPlatforms) = postSolution
		{89B900B1-52A0-4124-B59F-141C60DE6669}.Debug|Any CPU.ActiveCfg = Debug|Any CPU
		{89B900B1-52A0-4124-B59F-141C60DE6669}.Debug|Any CPU.Build.0 = Debug|Any CPU
		{89B900B1-52A0-4124-B59F-141C60DE6669}.Release|Any CPU.ActiveCfg = Release|Any CPU
		{89B900B1-52A0-4124-B59F-141C60DE6669}.Release|Any CPU.Build.0 = Release|Any CPU
	EndGlobalSection
	GlobalSection(SolutionProperties) = preSolution
		HideSolutionNode = FALSE
	EndGlobalSection
	GlobalSection(ExtensibilityGlobals) = postSolution
		SolutionGuid = {5EA1CB6E-D580-4C7D-B66F-CE9410D4A644}
	EndGlobalSection
EndGlobal
