
Microsoft Visual Studio Solution File, Format Version 12.00
# Visual Studio Version 17
VisualStudioVersion = 17.13.35723.152 d17.13
MinimumVisualStudioVersion = 10.0.40219.1
Project("{FAE04EC0-301F-11D3-BF4B-00C04F79EFBC}") = "SignUpForm", "SignUpForm\SignUpForm.csproj", "{142BE2D0-5877-4FBA-9D65-397FDD89687D}"
EndProject
Global
	GlobalSection(SolutionConfigurationPlatforms) = preSolution
		Debug|Any CPU = Debug|Any CPU
		Release|Any CPU = Release|Any CPU
	EndGlobalSection
	GlobalSection(ProjectConfigurationPlatforms) = postSolution
		{142BE2D0-5877-4FBA-9D65-397FDD89687D}.Debug|Any CPU.ActiveCfg = Debug|Any CPU
		{142BE2D0-5877-4FBA-9D65-397FDD89687D}.Debug|Any CPU.Build.0 = Debug|Any CPU
		{142BE2D0-5877-4FBA-9D65-397FDD89687D}.Release|Any CPU.ActiveCfg = Release|Any CPU
		{142BE2D0-5877-4FBA-9D65-397FDD89687D}.Release|Any CPU.Build.0 = Release|Any CPU
	EndGlobalSection
	GlobalSection(SolutionProperties) = preSolution
		HideSolutionNode = FALSE
	EndGlobalSection
	GlobalSection(ExtensibilityGlobals) = postSolution
		SolutionGuid = {DFFD8566-5E72-48C0-9C58-5FE527EE3C74}
	EndGlobalSection
EndGlobal
