
Microsoft Visual Studio Solution File, Format Version 12.00
# Visual Studio Version 17
VisualStudioVersion = 17.13.35723.152 d17.13
MinimumVisualStudioVersion = 10.0.40219.1
Project("{FAE04EC0-301F-11D3-BF4B-00C04F79EFBC}") = "BankingSystem", "BankingSystem\BankingSystem.csproj", "{992D71DA-DDAD-4AA9-B4EC-964C9B18B1A4}"
EndProject
Global
	GlobalSection(SolutionConfigurationPlatforms) = preSolution
		Debug|Any CPU = Debug|Any CPU
		Release|Any CPU = Release|Any CPU
	EndGlobalSection
	GlobalSection(ProjectConfigurationPlatforms) = postSolution
		{992D71DA-DDAD-4AA9-B4EC-964C9B18B1A4}.Debug|Any CPU.ActiveCfg = Debug|Any CPU
		{992D71DA-DDAD-4AA9-B4EC-964C9B18B1A4}.Debug|Any CPU.Build.0 = Debug|Any CPU
		{992D71DA-DDAD-4AA9-B4EC-964C9B18B1A4}.Release|Any CPU.ActiveCfg = Release|Any CPU
		{992D71DA-DDAD-4AA9-B4EC-964C9B18B1A4}.Release|Any CPU.Build.0 = Release|Any CPU
	EndGlobalSection
	GlobalSection(SolutionProperties) = preSolution
		HideSolutionNode = FALSE
	EndGlobalSection
	GlobalSection(ExtensibilityGlobals) = postSolution
		SolutionGuid = {6E8396AD-FB49-4B86-86D1-81A8E36E1F9D}
	EndGlobalSection
EndGlobal
